
Microsoft Visual Studio Solution File, Format Version 12.00
# Visual Studio Version 17
VisualStudioVersion = 17.0.31903.59
MinimumVisualStudioVersion = 10.0.40219.1
Project("{2150E333-8FDC-42A3-9474-1A3956D46DE8}") = "src", "src", "{E39114E1-DD74-4F9F-908E-614D1A0D19A6}"
EndProject
Project("{FAE04EC0-301F-11D3-BF4B-00C04F79EFBC}") = "Notifications.Api", "src\Notifications.Api\Notifications.Api.csproj", "{C14F3900-7370-40AB-AAE4-13CE4BEA7508}"
EndProject
Project("{FAE04EC0-301F-11D3-BF4B-00C04F79EFBC}") = "Notifications.Application", "src\Notifications.Application\Notifications.Application.csproj", "{0FE12F26-93CE-4C14-8B6C-DB267F830FC1}"
EndProject
Project("{FAE04EC0-301F-11D3-BF4B-00C04F79EFBC}") = "Notifications.Domain", "src\Notifications.Domain\Notifications.Domain.csproj", "{BF42FCD3-6438-489C-A101-76F64CC7836D}"
EndProject
Project("{FAE04EC0-301F-11D3-BF4B-00C04F79EFBC}") = "Notifications.Infrastructure", "src\Notifications.Infrastructure\Notifications.Infrastructure.csproj", "{5FA8326E-2883-4232-9968-BF4FB61B52BA}"
EndProject
Project("{2150E333-8FDC-42A3-9474-1A3956D46DE8}") = "tests", "tests", "{C7734FBC-5EFB-44CD-B4B0-C197C17798B6}"
EndProject
Project("{FAE04EC0-301F-11D3-BF4B-00C04F79EFBC}") = "Notifications.Tests", "tests\Notifications.Tests\Notifications.Tests.csproj", "{A157A614-93D4-4D8F-97B8-CBDA979125E5}"
EndProject
Global
	GlobalSection(SolutionConfigurationPlatforms) = preSolution
		Debug|Any CPU = Debug|Any CPU
		Release|Any CPU = Release|Any CPU
	EndGlobalSection
	GlobalSection(SolutionProperties) = preSolution
		HideSolutionNode = FALSE
	EndGlobalSection
	GlobalSection(ProjectConfigurationPlatforms) = postSolution
		{C14F3900-7370-40AB-AAE4-13CE4BEA7508}.Debug|Any CPU.ActiveCfg = Debug|Any CPU
		{C14F3900-7370-40AB-AAE4-13CE4BEA7508}.Debug|Any CPU.Build.0 = Debug|Any CPU
		{C14F3900-7370-40AB-AAE4-13CE4BEA7508}.Release|Any CPU.ActiveCfg = Release|Any CPU
		{C14F3900-7370-40AB-AAE4-13CE4BEA7508}.Release|Any CPU.Build.0 = Release|Any CPU
		{0FE12F26-93CE-4C14-8B6C-DB267F830FC1}.Debug|Any CPU.ActiveCfg = Debug|Any CPU
		{0FE12F26-93CE-4C14-8B6C-DB267F830FC1}.Debug|Any CPU.Build.0 = Debug|Any CPU
		{0FE12F26-93CE-4C14-8B6C-DB267F830FC1}.Release|Any CPU.ActiveCfg = Release|Any CPU
		{0FE12F26-93CE-4C14-8B6C-DB267F830FC1}.Release|Any CPU.Build.0 = Release|Any CPU
		{BF42FCD3-6438-489C-A101-76F64CC7836D}.Debug|Any CPU.ActiveCfg = Debug|Any CPU
		{BF42FCD3-6438-489C-A101-76F64CC7836D}.Debug|Any CPU.Build.0 = Debug|Any CPU
		{BF42FCD3-6438-489C-A101-76F64CC7836D}.Release|Any CPU.ActiveCfg = Release|Any CPU
		{BF42FCD3-6438-489C-A101-76F64CC7836D}.Release|Any CPU.Build.0 = Release|Any CPU
		{5FA8326E-2883-4232-9968-BF4FB61B52BA}.Debug|Any CPU.ActiveCfg = Debug|Any CPU
		{5FA8326E-2883-4232-9968-BF4FB61B52BA}.Debug|Any CPU.Build.0 = Debug|Any CPU
		{5FA8326E-2883-4232-9968-BF4FB61B52BA}.Release|Any CPU.ActiveCfg = Release|Any CPU
		{5FA8326E-2883-4232-9968-BF4FB61B52BA}.Release|Any CPU.Build.0 = Release|Any CPU
		{A157A614-93D4-4D8F-97B8-CBDA979125E5}.Debug|Any CPU.ActiveCfg = Debug|Any CPU
		{A157A614-93D4-4D8F-97B8-CBDA979125E5}.Debug|Any CPU.Build.0 = Debug|Any CPU
		{A157A614-93D4-4D8F-97B8-CBDA979125E5}.Release|Any CPU.ActiveCfg = Release|Any CPU
		{A157A614-93D4-4D8F-97B8-CBDA979125E5}.Release|Any CPU.Build.0 = Release|Any CPU
	EndGlobalSection
	GlobalSection(NestedProjects) = preSolution
		{C14F3900-7370-40AB-AAE4-13CE4BEA7508} = {E39114E1-DD74-4F9F-908E-614D1A0D19A6}
		{0FE12F26-93CE-4C14-8B6C-DB267F830FC1} = {E39114E1-DD74-4F9F-908E-614D1A0D19A6}
		{BF42FCD3-6438-489C-A101-76F64CC7836D} = {E39114E1-DD74-4F9F-908E-614D1A0D19A6}
		{5FA8326E-2883-4232-9968-BF4FB61B52BA} = {E39114E1-DD74-4F9F-908E-614D1A0D19A6}
		{A157A614-93D4-4D8F-97B8-CBDA979125E5} = {C7734FBC-5EFB-44CD-B4B0-C197C17798B6}
	EndGlobalSection
EndGlobal
